// !$*UTF8*$!
{
	archiveVersion = 1;
	classes = {
	};
	objectVersion = 56;
	objects = {

/* Begin PBXBuildFile section */
		3A0000000000000000000001 /* AppDelegate.swift in Sources */ = {isa = PBXBuildFile; fileRef = 2A0000000000000000000001 /* AppDelegate.swift */; };
		3A0000000000000000000002 /* SceneDelegate.swift in Sources */ = {isa = PBXBuildFile; fileRef = 2A0000000000000000000002 /* SceneDelegate.swift */; };
		3A0000000000000000000003 /* WebViewController.swift in Sources */ = {isa = PBXBuildFile; fileRef = 2A0000000000000000000003 /* WebViewController.swift */; };
		3A0000000000000000000004 /* Storage.swift in Sources */ = {isa = PBXBuildFile; fileRef = 2A0000000000000000000004 /* Storage.swift */; };
		3A0000000000000000000005 /* Bridge.js in Resources */ = {isa = PBXBuildFile; fileRef = 2A0000000000000000000005 /* Bridge.js */; };
		3A0000000000000000000006 /* Assets.xcassets in Resources */ = {isa = PBXBuildFile; fileRef = 2A0000000000000000000006 /* Assets.xcassets */; };
		3A0000000000000000000007 /* PrivacyInfo.xcprivacy in Resources */ = {isa = PBXBuildFile; fileRef = 2A0000000000000000000008 /* PrivacyInfo.xcprivacy */; };
		3B0000000000000000000001 /* RestTimerController.swift in Sources */ = {isa = PBXBuildFile; fileRef = 2B0000000000000000000007 /* RestTimerController.swift */; };
		3B0000000000000000000002 /* RestActivityAttributes.swift in Sources */ = {isa = PBXBuildFile; fileRef = 2B0000000000000000000001 /* RestActivityAttributes.swift */; };
		3B0000000000000000000003 /* RestActivityAttributes.swift in Sources */ = {isa = PBXBuildFile; fileRef = 2B0000000000000000000001 /* RestActivityAttributes.swift */; };
		3B0000000000000000000004 /* RestTimerLiveActivity.swift in Sources */ = {isa = PBXBuildFile; fileRef = 2B0000000000000000000002 /* RestTimerLiveActivity.swift */; };
		3B0000000000000000000005 /* LiftTrackWidgetsBundle.swift in Sources */ = {isa = PBXBuildFile; fileRef = 2B0000000000000000000003 /* LiftTrackWidgetsBundle.swift */; };
		3B0000000000000000000006 /* Assets.xcassets in Resources */ = {isa = PBXBuildFile; fileRef = 2B0000000000000000000005 /* Assets.xcassets */; };
		3B0000000000000000000008 /* RestTimerIntents.swift in Sources */ = {isa = PBXBuildFile; fileRef = 2B0000000000000000000008 /* RestTimerIntents.swift */; };
		3B0000000000000000000009 /* RestTimerIntents.swift in Sources */ = {isa = PBXBuildFile; fileRef = 2B0000000000000000000008 /* RestTimerIntents.swift */; };
		3B0000000000000000000007 /* LiftTrackWidgets.appex in Embed Foundation Extensions */ = {isa = PBXBuildFile; fileRef = 2B0000000000000000000006 /* LiftTrackWidgets.appex */; settings = {ATTRIBUTES = (RemoveHeadersOnCopy, ); }; };
/* End PBXBuildFile section */

/* Begin PBXContainerItemProxy section */
		1B000000000000000000000A /* PBXContainerItemProxy */ = {
			isa = PBXContainerItemProxy;
			containerPortal = 1A0000000000000000000001 /* Project object */;
			proxyType = 1;
			remoteGlobalIDString = 1B0000000000000000000001;
			remoteInfo = LiftTrackWidgets;
		};
/* End PBXContainerItemProxy section */

/* Begin PBXCopyFilesBuildPhase section */
		1B0000000000000000000008 /* Embed Foundation Extensions */ = {
			isa = PBXCopyFilesBuildPhase;
			buildActionMask = 2147483647;
			dstPath = "";
			dstSubfolderSpec = 13;
			files = (
				3B0000000000000000000007 /* LiftTrackWidgets.appex in Embed Foundation Extensions */,
			);
			name = "Embed Foundation Extensions";
			runOnlyForDeploymentPostprocessing = 0;
		};
/* End PBXCopyFilesBuildPhase section */

/* Begin PBXFileReference section */
		2A0000000000000000000001 /* AppDelegate.swift */ = {isa = PBXFileReference; lastKnownFileType = sourcecode.swift; path = AppDelegate.swift; sourceTree = "<group>"; };
		2A0000000000000000000002 /* SceneDelegate.swift */ = {isa = PBXFileReference; lastKnownFileType = sourcecode.swift; path = SceneDelegate.swift; sourceTree = "<group>"; };
		2A0000000000000000000003 /* WebViewController.swift */ = {isa = PBXFileReference; lastKnownFileType = sourcecode.swift; path = WebViewController.swift; sourceTree = "<group>"; };
		2A0000000000000000000004 /* Storage.swift */ = {isa = PBXFileReference; lastKnownFileType = sourcecode.swift; path = Storage.swift; sourceTree = "<group>"; };
		2A0000000000000000000005 /* Bridge.js */ = {isa = PBXFileReference; lastKnownFileType = sourcecode.javascript; path = Bridge.js; sourceTree = "<group>"; };
		2A0000000000000000000006 /* Assets.xcassets */ = {isa = PBXFileReference; lastKnownFileType = folder.assetcatalog; path = Assets.xcassets; sourceTree = "<group>"; };
		2A0000000000000000000007 /* Info.plist */ = {isa = PBXFileReference; lastKnownFileType = text.plist.xml; path = Info.plist; sourceTree = "<group>"; };
		2A0000000000000000000008 /* PrivacyInfo.xcprivacy */ = {isa = PBXFileReference; lastKnownFileType = text.xml; path = PrivacyInfo.xcprivacy; sourceTree = "<group>"; };
		2A0000000000000000000009 /* copy-web-assets.sh */ = {isa = PBXFileReference; lastKnownFileType = text.script.sh; path = "copy-web-assets.sh"; sourceTree = "<group>"; };
		2A000000000000000000000A /* LiftTrack.app */ = {isa = PBXFileReference; explicitFileType = wrapper.application; includeInIndex = 0; path = LiftTrack.app; sourceTree = BUILT_PRODUCTS_DIR; };
		2B0000000000000000000001 /* RestActivityAttributes.swift */ = {isa = PBXFileReference; lastKnownFileType = sourcecode.swift; path = RestActivityAttributes.swift; sourceTree = "<group>"; };
		2B0000000000000000000002 /* RestTimerLiveActivity.swift */ = {isa = PBXFileReference; lastKnownFileType = sourcecode.swift; path = RestTimerLiveActivity.swift; sourceTree = "<group>"; };
		2B0000000000000000000003 /* LiftTrackWidgetsBundle.swift */ = {isa = PBXFileReference; lastKnownFileType = sourcecode.swift; path = LiftTrackWidgetsBundle.swift; sourceTree = "<group>"; };
		2B0000000000000000000004 /* Info.plist */ = {isa = PBXFileReference; lastKnownFileType = text.plist.xml; path = Info.plist; sourceTree = "<group>"; };
		2B0000000000000000000005 /* Assets.xcassets */ = {isa = PBXFileReference; lastKnownFileType = folder.assetcatalog; path = Assets.xcassets; sourceTree = "<group>"; };
		2B0000000000000000000006 /* LiftTrackWidgets.appex */ = {isa = PBXFileReference; explicitFileType = "wrapper.app-extension"; includeInIndex = 0; path = LiftTrackWidgets.appex; sourceTree = BUILT_PRODUCTS_DIR; };
		2B0000000000000000000007 /* RestTimerController.swift */ = {isa = PBXFileReference; lastKnownFileType = sourcecode.swift; path = RestTimerController.swift; sourceTree = "<group>"; };
		2B0000000000000000000008 /* RestTimerIntents.swift */ = {isa = PBXFileReference; lastKnownFileType = sourcecode.swift; path = RestTimerIntents.swift; sourceTree = "<group>"; };
/* End PBXFileReference section */

/* Begin PBXFrameworksBuildPhase section */
		1A000000000000000000000A /* Frameworks */ = {
			isa = PBXFrameworksBuildPhase;
			buildActionMask = 2147483647;
			files = (
			);
			runOnlyForDeploymentPostprocessing = 0;
		};
		1B0000000000000000000006 /* Frameworks */ = {
			isa = PBXFrameworksBuildPhase;
			buildActionMask = 2147483647;
			files = (
			);
			runOnlyForDeploymentPostprocessing = 0;
		};
/* End PBXFrameworksBuildPhase section */

/* Begin PBXGroup section */
		1A000000000000000000000D = {
			isa = PBXGroup;
			children = (
				1A000000000000000000000E /* LiftTrack */,
				1B000000000000000000000B /* LiftTrackWidgets */,
				1B000000000000000000000C /* Shared */,
				1A0000000000000000000010 /* Scripts */,
				1A000000000000000000000F /* Products */,
			);
			sourceTree = "<group>";
		};
		1A000000000000000000000E /* LiftTrack */ = {
			isa = PBXGroup;
			children = (
				2A0000000000000000000001 /* AppDelegate.swift */,
				2A0000000000000000000002 /* SceneDelegate.swift */,
				2A0000000000000000000003 /* WebViewController.swift */,
				2A0000000000000000000004 /* Storage.swift */,
				2B0000000000000000000007 /* RestTimerController.swift */,
				2A0000000000000000000005 /* Bridge.js */,
				2A0000000000000000000006 /* Assets.xcassets */,
				2A0000000000000000000007 /* Info.plist */,
				2A0000000000000000000008 /* PrivacyInfo.xcprivacy */,
			);
			path = LiftTrack;
			sourceTree = "<group>";
		};
		1A000000000000000000000F /* Products */ = {
			isa = PBXGroup;
			children = (
				2A000000000000000000000A /* LiftTrack.app */,
				2B0000000000000000000006 /* LiftTrackWidgets.appex */,
			);
			name = Products;
			sourceTree = "<group>";
		};
		1B000000000000000000000B /* LiftTrackWidgets */ = {
			isa = PBXGroup;
			children = (
				2B0000000000000000000003 /* LiftTrackWidgetsBundle.swift */,
				2B0000000000000000000002 /* RestTimerLiveActivity.swift */,
				2B0000000000000000000005 /* Assets.xcassets */,
				2B0000000000000000000004 /* Info.plist */,
			);
			path = LiftTrackWidgets;
			sourceTree = "<group>";
		};
		1B000000000000000000000C /* Shared */ = {
			isa = PBXGroup;
			children = (
				2B0000000000000000000001 /* RestActivityAttributes.swift */,
				2B0000000000000000000008 /* RestTimerIntents.swift */,
			);
			path = Shared;
			sourceTree = "<group>";
		};
		1A0000000000000000000010 /* Scripts */ = {
			isa = PBXGroup;
			children = (
				2A0000000000000000000009 /* copy-web-assets.sh */,
			);
			path = Scripts;
			sourceTree = "<group>";
		};
/* End PBXGroup section */

/* Begin PBXNativeTarget section */
		1A0000000000000000000005 /* LiftTrack */ = {
			isa = PBXNativeTarget;
			buildConfigurationList = 1A0000000000000000000006 /* Build configuration list for PBXNativeTarget "LiftTrack" */;
			buildPhases = (
				1A0000000000000000000009 /* Sources */,
				1A000000000000000000000A /* Frameworks */,
				1A000000000000000000000B /* Resources */,
				1B0000000000000000000008 /* Embed Foundation Extensions */,
				1A000000000000000000000C /* Copy Web App */,
			);
			buildRules = (
			);
			dependencies = (
				1B0000000000000000000009 /* PBXTargetDependency */,
			);
			name = LiftTrack;
			productName = LiftTrack;
			productReference = 2A000000000000000000000A /* LiftTrack.app */;
			productType = "com.apple.product-type.application";
		};
		1B0000000000000000000001 /* LiftTrackWidgets */ = {
			isa = PBXNativeTarget;
			buildConfigurationList = 1B0000000000000000000002 /* Build configuration list for PBXNativeTarget "LiftTrackWidgets" */;
			buildPhases = (
				1B0000000000000000000005 /* Sources */,
				1B0000000000000000000006 /* Frameworks */,
				1B0000000000000000000007 /* Resources */,
			);
			buildRules = (
			);
			dependencies = (
			);
			name = LiftTrackWidgets;
			productName = LiftTrackWidgets;
			productReference = 2B0000000000000000000006 /* LiftTrackWidgets.appex */;
			productType = "com.apple.product-type.app-extension";
		};
/* End PBXNativeTarget section */

/* Begin PBXTargetDependency section */
		1B0000000000000000000009 /* PBXTargetDependency */ = {
			isa = PBXTargetDependency;
			target = 1B0000000000000000000001 /* LiftTrackWidgets */;
			targetProxy = 1B000000000000000000000A /* PBXContainerItemProxy */;
		};
/* End PBXTargetDependency section */

/* Begin PBXProject section */
		1A0000000000000000000001 /* Project object */ = {
			isa = PBXProject;
			attributes = {
				BuildIndependentTargetsInParallel = 1;
				LastSwiftUpdateCheck = 1500;
				LastUpgradeCheck = 1500;
				TargetAttributes = {
					1A0000000000000000000005 = {
						CreatedOnToolsVersion = 15.0;
					};
					1B0000000000000000000001 = {
						CreatedOnToolsVersion = 15.0;
					};
				};
			};
			buildConfigurationList = 1A0000000000000000000002 /* Build configuration list for PBXProject "LiftTrack" */;
			compatibilityVersion = "Xcode 14.0";
			developmentRegion = en;
			hasScannedForEncodings = 0;
			knownRegions = (
				en,
				Base,
			);
			mainGroup = 1A000000000000000000000D;
			productRefGroup = 1A000000000000000000000F /* Products */;
			projectDirPath = "";
			projectRoot = "";
			targets = (
				1A0000000000000000000005 /* LiftTrack */,
				1B0000000000000000000001 /* LiftTrackWidgets */,
			);
		};
/* End PBXProject section */

/* Begin PBXResourcesBuildPhase section */
		1A000000000000000000000B /* Resources */ = {
			isa = PBXResourcesBuildPhase;
			buildActionMask = 2147483647;
			files = (
				3A0000000000000000000006 /* Assets.xcassets in Resources */,
				3A0000000000000000000005 /* Bridge.js in Resources */,
				3A0000000000000000000007 /* PrivacyInfo.xcprivacy in Resources */,
			);
			runOnlyForDeploymentPostprocessing = 0;
		};
		1B0000000000000000000007 /* Resources */ = {
			isa = PBXResourcesBuildPhase;
			buildActionMask = 2147483647;
			files = (
				3B0000000000000000000006 /* Assets.xcassets in Resources */,
			);
			runOnlyForDeploymentPostprocessing = 0;
		};
/* End PBXResourcesBuildPhase section */

/* Begin PBXShellScriptBuildPhase section */
		1A000000000000000000000C /* Copy Web App */ = {
			isa = PBXShellScriptBuildPhase;
			alwaysOutOfDate = 1;
			buildActionMask = 2147483647;
			files = (
			);
			inputFileListPaths = (
			);
			inputPaths = (
			);
			name = "Copy Web App";
			outputFileListPaths = (
			);
			outputPaths = (
			);
			runOnlyForDeploymentPostprocessing = 0;
			shellPath = /bin/sh;
			shellScript = "\"${SRCROOT}/Scripts/copy-web-assets.sh\"\n";
		};
/* End PBXShellScriptBuildPhase section */

/* Begin PBXSourcesBuildPhase section */
		1A0000000000000000000009 /* Sources */ = {
			isa = PBXSourcesBuildPhase;
			buildActionMask = 2147483647;
			files = (
				3A0000000000000000000001 /* AppDelegate.swift in Sources */,
				3A0000000000000000000002 /* SceneDelegate.swift in Sources */,
				3A0000000000000000000003 /* WebViewController.swift in Sources */,
				3A0000000000000000000004 /* Storage.swift in Sources */,
				3B0000000000000000000001 /* RestTimerController.swift in Sources */,
				3B0000000000000000000002 /* RestActivityAttributes.swift in Sources */,
				3B0000000000000000000008 /* RestTimerIntents.swift in Sources */,
			);
			runOnlyForDeploymentPostprocessing = 0;
		};
		1B0000000000000000000005 /* Sources */ = {
			isa = PBXSourcesBuildPhase;
			buildActionMask = 2147483647;
			files = (
				3B0000000000000000000005 /* LiftTrackWidgetsBundle.swift in Sources */,
				3B0000000000000000000004 /* RestTimerLiveActivity.swift in Sources */,
				3B0000000000000000000003 /* RestActivityAttributes.swift in Sources */,
				3B0000000000000000000009 /* RestTimerIntents.swift in Sources */,
			);
			runOnlyForDeploymentPostprocessing = 0;
		};
/* End PBXSourcesBuildPhase section */

/* Begin XCBuildConfiguration section */
		1A0000000000000000000003 /* Debug */ = {
			isa = XCBuildConfiguration;
			buildSettings = {
				ALWAYS_SEARCH_USER_PATHS = NO;
				APP_BUNDLE_ID = com.example.lifttrack;
				CLANG_ANALYZER_NONNULL = YES;
				CLANG_ENABLE_MODULES = YES;
				CLANG_ENABLE_OBJC_ARC = YES;
				CLANG_WARN_DOCUMENTATION_COMMENTS = YES;
				CLANG_WARN_UNGUARDED_AVAILABILITY = YES_AGGRESSIVE;
				COPY_PHASE_STRIP = NO;
				DEBUG_INFORMATION_FORMAT = dwarf;
				ENABLE_STRICT_OBJC_MSGSEND = YES;
				ENABLE_TESTABILITY = YES;
				ENABLE_USER_SCRIPT_SANDBOXING = NO;
				GCC_C_LANGUAGE_STANDARD = gnu17;
				GCC_DYNAMIC_NO_PIC = NO;
				GCC_NO_COMMON_BLOCKS = YES;
				GCC_OPTIMIZATION_LEVEL = 0;
				GCC_PREPROCESSOR_DEFINITIONS = (
					"DEBUG=1",
					"$(inherited)",
				);
				GCC_WARN_UNDECLARED_SELECTOR = YES;
				GCC_WARN_UNUSED_FUNCTION = YES;
				GCC_WARN_UNUSED_VARIABLE = YES;
				IPHONEOS_DEPLOYMENT_TARGET = 15.0;
				MTL_ENABLE_DEBUG_INFO = INCLUDE_SOURCE;
				MTL_FAST_MATH = YES;
				ONLY_ACTIVE_ARCH = YES;
				SDKROOT = iphoneos;
				SWIFT_ACTIVE_COMPILATION_CONDITIONS = "DEBUG $(inherited)";
				SWIFT_OPTIMIZATION_LEVEL = "-Onone";
			};
			name = Debug;
		};
		1A0000000000000000000004 /* Release */ = {
			isa = XCBuildConfiguration;
			buildSettings = {
				ALWAYS_SEARCH_USER_PATHS = NO;
				APP_BUNDLE_ID = com.example.lifttrack;
				CLANG_ANALYZER_NONNULL = YES;
				CLANG_ENABLE_MODULES = YES;
				CLANG_ENABLE_OBJC_ARC = YES;
				CLANG_WARN_DOCUMENTATION_COMMENTS = YES;
				CLANG_WARN_UNGUARDED_AVAILABILITY = YES_AGGRESSIVE;
				COPY_PHASE_STRIP = NO;
				DEBUG_INFORMATION_FORMAT = "dwarf-with-dsym";
				ENABLE_NS_ASSERTIONS = NO;
				ENABLE_STRICT_OBJC_MSGSEND = YES;
				ENABLE_USER_SCRIPT_SANDBOXING = NO;
				GCC_C_LANGUAGE_STANDARD = gnu17;
				GCC_NO_COMMON_BLOCKS = YES;
				GCC_WARN_UNDECLARED_SELECTOR = YES;
				GCC_WARN_UNUSED_FUNCTION = YES;
				GCC_WARN_UNUSED_VARIABLE = YES;
				IPHONEOS_DEPLOYMENT_TARGET = 15.0;
				MTL_ENABLE_DEBUG_INFO = NO;
				MTL_FAST_MATH = YES;
				SDKROOT = iphoneos;
				SWIFT_COMPILATION_MODE = wholemodule;
				VALIDATE_PRODUCT = YES;
			};
			name = Release;
		};
		1A0000000000000000000007 /* Debug */ = {
			isa = XCBuildConfiguration;
			buildSettings = {
				ASSETCATALOG_COMPILER_APPICON_NAME = AppIcon;
				CODE_SIGN_STYLE = Automatic;
				CURRENT_PROJECT_VERSION = 1;
				DEVELOPMENT_TEAM = "";
				ENABLE_USER_SCRIPT_SANDBOXING = NO;
				GENERATE_INFOPLIST_FILE = NO;
				INFOPLIST_FILE = LiftTrack/Info.plist;
				LD_RUNPATH_SEARCH_PATHS = (
					"$(inherited)",
					"@executable_path/Frameworks",
				);
				MARKETING_VERSION = 1.0;
				PRODUCT_BUNDLE_IDENTIFIER = "$(APP_BUNDLE_ID)";
				PRODUCT_NAME = "$(TARGET_NAME)";
				SWIFT_EMIT_LOC_STRINGS = YES;
				SWIFT_VERSION = 5.0;
				TARGETED_DEVICE_FAMILY = "1,2";
			};
			name = Debug;
		};
		1A0000000000000000000008 /* Release */ = {
			isa = XCBuildConfiguration;
			buildSettings = {
				ASSETCATALOG_COMPILER_APPICON_NAME = AppIcon;
				CODE_SIGN_STYLE = Automatic;
				CURRENT_PROJECT_VERSION = 1;
				DEVELOPMENT_TEAM = "";
				ENABLE_USER_SCRIPT_SANDBOXING = NO;
				GENERATE_INFOPLIST_FILE = NO;
				INFOPLIST_FILE = LiftTrack/Info.plist;
				LD_RUNPATH_SEARCH_PATHS = (
					"$(inherited)",
					"@executable_path/Frameworks",
				);
				MARKETING_VERSION = 1.0;
				PRODUCT_BUNDLE_IDENTIFIER = "$(APP_BUNDLE_ID)";
				PRODUCT_NAME = "$(TARGET_NAME)";
				SWIFT_EMIT_LOC_STRINGS = YES;
				SWIFT_VERSION = 5.0;
				TARGETED_DEVICE_FAMILY = "1,2";
			};
			name = Release;
		};
		1B0000000000000000000003 /* Debug */ = {
			isa = XCBuildConfiguration;
			buildSettings = {
				ASSETCATALOG_COMPILER_GLOBAL_ACCENT_COLOR_NAME = AccentColor;
				ASSETCATALOG_COMPILER_WIDGET_BACKGROUND_COLOR_NAME = WidgetBackground;
				CODE_SIGN_STYLE = Automatic;
				CURRENT_PROJECT_VERSION = 1;
				DEVELOPMENT_TEAM = "";
				GENERATE_INFOPLIST_FILE = NO;
				INFOPLIST_FILE = LiftTrackWidgets/Info.plist;
				IPHONEOS_DEPLOYMENT_TARGET = 16.2;
				LD_RUNPATH_SEARCH_PATHS = (
					"$(inherited)",
					"@executable_path/Frameworks",
					"@executable_path/../../Frameworks",
				);
				MARKETING_VERSION = 1.0;
				PRODUCT_BUNDLE_IDENTIFIER = "$(APP_BUNDLE_ID).widgets";
				PRODUCT_NAME = "$(TARGET_NAME)";
				SKIP_INSTALL = YES;
				SWIFT_EMIT_LOC_STRINGS = YES;
				SWIFT_VERSION = 5.0;
				TARGETED_DEVICE_FAMILY = "1,2";
			};
			name = Debug;
		};
		1B0000000000000000000004 /* Release */ = {
			isa = XCBuildConfiguration;
			buildSettings = {
				ASSETCATALOG_COMPILER_GLOBAL_ACCENT_COLOR_NAME = AccentColor;
				ASSETCATALOG_COMPILER_WIDGET_BACKGROUND_COLOR_NAME = WidgetBackground;
				CODE_SIGN_STYLE = Automatic;
				CURRENT_PROJECT_VERSION = 1;
				DEVELOPMENT_TEAM = "";
				GENERATE_INFOPLIST_FILE = NO;
				INFOPLIST_FILE = LiftTrackWidgets/Info.plist;
				IPHONEOS_DEPLOYMENT_TARGET = 16.2;
				LD_RUNPATH_SEARCH_PATHS = (
					"$(inherited)",
					"@executable_path/Frameworks",
					"@executable_path/../../Frameworks",
				);
				MARKETING_VERSION = 1.0;
				PRODUCT_BUNDLE_IDENTIFIER = "$(APP_BUNDLE_ID).widgets";
				PRODUCT_NAME = "$(TARGET_NAME)";
				SKIP_INSTALL = YES;
				SWIFT_EMIT_LOC_STRINGS = YES;
				SWIFT_VERSION = 5.0;
				TARGETED_DEVICE_FAMILY = "1,2";
			};
			name = Release;
		};
/* End XCBuildConfiguration section */

/* Begin XCConfigurationList section */
		1A0000000000000000000002 /* Build configuration list for PBXProject "LiftTrack" */ = {
			isa = XCConfigurationList;
			buildConfigurations = (
				1A0000000000000000000003 /* Debug */,
				1A0000000000000000000004 /* Release */,
			);
			defaultConfigurationIsVisible = 0;
			defaultConfigurationName = Release;
		};
		1A0000000000000000000006 /* Build configuration list for PBXNativeTarget "LiftTrack" */ = {
			isa = XCConfigurationList;
			buildConfigurations = (
				1A0000000000000000000007 /* Debug */,
				1A0000000000000000000008 /* Release */,
			);
			defaultConfigurationIsVisible = 0;
			defaultConfigurationName = Release;
		};
		1B0000000000000000000002 /* Build configuration list for PBXNativeTarget "LiftTrackWidgets" */ = {
			isa = XCConfigurationList;
			buildConfigurations = (
				1B0000000000000000000003 /* Debug */,
				1B0000000000000000000004 /* Release */,
			);
			defaultConfigurationIsVisible = 0;
			defaultConfigurationName = Release;
		};
/* End XCConfigurationList section */
	};
	rootObject = 1A0000000000000000000001 /* Project object */;
}
